// !$*UTF8*$!
{
	archiveVersion = 1;
	classes = {
	};
	objectVersion = 50;
	objects = {

/* Begin PBXBuildFile section */
		C42DCEA2270ECF7E000EC919 /* SelectCountryViewController.swift in Sources */ = {isa = PBXBuildFile; fileRef = C42DCEA1270ECF7E000EC919 /* SelectCountryViewController.swift */; };
		C42DCEA6270ED07A000EC919 /* CountryTableViewCell.swift in Sources */ = {isa = PBXBuildFile; fileRef = C42DCEA4270ED07A000EC919 /* CountryTableViewCell.swift */; };
		C42DCEA7270ED07A000EC919 /* CountryTableViewCell.xib in Resources */ = {isa = PBXBuildFile; fileRef = C42DCEA5270ED07A000EC919 /* CountryTableViewCell.xib */; };
		C42DCEAB270ED150000EC919 /* Extensions.swift in Sources */ = {isa = PBXBuildFile; fileRef = C42DCEAA270ED150000EC919 /* Extensions.swift */; };
		C42DCEAD270ED2F5000EC919 /* CountryCodes.json in Resources */ = {isa = PBXBuildFile; fileRef = C42DCEAC270ED2F5000EC919 /* CountryCodes.json */; };
		C42DCEAF270ED31C000EC919 /* Flags.xcassets in Resources */ = {isa = PBXBuildFile; fileRef = C42DCEAE270ED31C000EC919 /* Flags.xcassets */; };
		C43B0FC1270ECE4500D790FD /* AppDelegate.swift in Sources */ = {isa = PBXBuildFile; fileRef = C43B0FC0270ECE4500D790FD /* AppDelegate.swift */; };
		C43B0FC3270ECE4500D790FD /* SceneDelegate.swift in Sources */ = {isa = PBXBuildFile; fileRef = C43B0FC2270ECE4500D790FD /* SceneDelegate.swift */; };
		C43B0FC5270ECE4500D790FD /* ViewController.swift in Sources */ = {isa = PBXBuildFile; fileRef = C43B0FC4270ECE4500D790FD /* ViewController.swift */; };
		C43B0FC8270ECE4500D790FD /* Main.storyboard in Resources */ = {isa = PBXBuildFile; fileRef = C43B0FC6270ECE4500D790FD /* Main.storyboard */; };
		C43B0FCA270ECE4600D790FD /* Assets.xcassets in Resources */ = {isa = PBXBuildFile; fileRef = C43B0FC9270ECE4600D790FD /* Assets.xcassets */; };
		C43B0FCD270ECE4600D790FD /* LaunchScreen.storyboard in Resources */ = {isa = PBXBuildFile; fileRef = C43B0FCB270ECE4600D790FD /* LaunchScreen.storyboard */; };
/* End PBXBuildFile section */

/* Begin PBXFileReference section */
		C42DCEA1270ECF7E000EC919 /* SelectCountryViewController.swift */ = {isa = PBXFileReference; lastKnownFileType = sourcecode.swift; path = SelectCountryViewController.swift; sourceTree = "<group>"; };
		C42DCEA4270ED07A000EC919 /* CountryTableViewCell.swift */ = {isa = PBXFileReference; lastKnownFileType = sourcecode.swift; path = CountryTableViewCell.swift; sourceTree = "<group>"; };
		C42DCEA5270ED07A000EC919 /* CountryTableViewCell.xib */ = {isa = PBXFileReference; lastKnownFileType = file.xib; path = CountryTableViewCell.xib; sourceTree = "<group>"; };
		C42DCEAA270ED150000EC919 /* Extensions.swift */ = {isa = PBXFileReference; lastKnownFileType = sourcecode.swift; path = Extensions.swift; sourceTree = "<group>"; };
		C42DCEAC270ED2F5000EC919 /* CountryCodes.json */ = {isa = PBXFileReference; fileEncoding = 4; lastKnownFileType = text.json; path = CountryCodes.json; sourceTree = "<group>"; };
		C42DCEAE270ED31C000EC919 /* Flags.xcassets */ = {isa = PBXFileReference; lastKnownFileType = folder.assetcatalog; path = Flags.xcassets; sourceTree = "<group>"; };
		C43B0FBD270ECE4500D790FD /* CountryPicker.app */ = {isa = PBXFileReference; explicitFileType = wrapper.application; includeInIndex = 0; path = CountryPicker.app; sourceTree = BUILT_PRODUCTS_DIR; };
		C43B0FC0270ECE4500D790FD /* AppDelegate.swift */ = {isa = PBXFileReference; lastKnownFileType = sourcecode.swift; path = AppDelegate.swift; sourceTree = "<group>"; };
		C43B0FC2270ECE4500D790FD /* SceneDelegate.swift */ = {isa = PBXFileReference; lastKnownFileType = sourcecode.swift; path = SceneDelegate.swift; sourceTree = "<group>"; };
		C43B0FC4270ECE4500D790FD /* ViewController.swift */ = {isa = PBXFileReference; lastKnownFileType = sourcecode.swift; path = ViewController.swift; sourceTree = "<group>"; };
		C43B0FC7270ECE4500D790FD /* Base */ = {isa = PBXFileReference; lastKnownFileType = file.storyboard; name = Base; path = Base.lproj/Main.storyboard; sourceTree = "<group>"; };
		C43B0FC9270ECE4600D790FD /* Assets.xcassets */ = {isa = PBXFileReference; lastKnownFileType = folder.assetcatalog; path = Assets.xcassets; sourceTree = "<group>"; };
		C43B0FCC270ECE4600D790FD /* Base */ = {isa = PBXFileReference; lastKnownFileType = file.storyboard; name = Base; path = Base.lproj/LaunchScreen.storyboard; sourceTree = "<group>"; };
		C43B0FCE270ECE4600D790FD /* Info.plist */ = {isa = PBXFileReference; lastKnownFileType = text.plist.xml; path = Info.plist; sourceTree = "<group>"; };
/* End PBXFileReference section */

/* Begin PBXFrameworksBuildPhase section */
		C43B0FBA270ECE4500D790FD /* Frameworks */ = {
			isa = PBXFrameworksBuildPhase;
			buildActionMask = 2147483647;
			files = (
			);
			runOnlyForDeploymentPostprocessing = 0;
		};
/* End PBXFrameworksBuildPhase section */

/* Begin PBXGroup section */
		C42DCEA3270ED063000EC919 /* cellCountry */ = {
			isa = PBXGroup;
			children = (
				C42DCEA4270ED07A000EC919 /* CountryTableViewCell.swift */,
				C42DCEA5270ED07A000EC919 /* CountryTableViewCell.xib */,
			);
			path = cellCountry;
			sourceTree = "<group>";
		};
		C42DCEA8270ED0DB000EC919 /* Extensions */ = {
			isa = PBXGroup;
			children = (
				C42DCEAA270ED150000EC919 /* Extensions.swift */,
			);
			path = Extensions;
			sourceTree = "<group>";
		};
		C42DCEA9270ED103000EC919 /* Countries */ = {
			isa = PBXGroup;
			children = (
				C42DCEAC270ED2F5000EC919 /* CountryCodes.json */,
				C42DCEAE270ED31C000EC919 /* Flags.xcassets */,
			);
			path = Countries;
			sourceTree = "<group>";
		};
		C43B0FB4270ECE4500D790FD = {
			isa = PBXGroup;
			children = (
				C43B0FBF270ECE4500D790FD /* CountryPicker */,
				C43B0FBE270ECE4500D790FD /* Products */,
			);
			sourceTree = "<group>";
		};
		C43B0FBE270ECE4500D790FD /* Products */ = {
			isa = PBXGroup;
			children = (
				C43B0FBD270ECE4500D790FD /* CountryPicker.app */,
			);
			name = Products;
			sourceTree = "<group>";
		};
		C43B0FBF270ECE4500D790FD /* CountryPicker */ = {
			isa = PBXGroup;
			children = (
				C42DCEA9270ED103000EC919 /* Countries */,
				C42DCEA8270ED0DB000EC919 /* Extensions */,
				C42DCEA3270ED063000EC919 /* cellCountry */,
				C43B0FC0270ECE4500D790FD /* AppDelegate.swift */,
				C43B0FC2270ECE4500D790FD /* SceneDelegate.swift */,
				C43B0FC4270ECE4500D790FD /* ViewController.swift */,
				C43B0FC6270ECE4500D790FD /* Main.storyboard */,
				C43B0FC9270ECE4600D790FD /* Assets.xcassets */,
				C43B0FCB270ECE4600D790FD /* LaunchScreen.storyboard */,
				C43B0FCE270ECE4600D790FD /* Info.plist */,
				C42DCEA1270ECF7E000EC919 /* SelectCountryViewController.swift */,
			);
			path = CountryPicker;
			sourceTree = "<group>";
		};
/* End PBXGroup section */

/* Begin PBXNativeTarget section */
		C43B0FBC270ECE4500D790FD /* CountryPicker */ = {
			isa = PBXNativeTarget;
			buildConfigurationList = C43B0FD1270ECE4600D790FD /* Build configuration list for PBXNativeTarget "CountryPicker" */;
			buildPhases = (
				C43B0FB9270ECE4500D790FD /* Sources */,
				C43B0FBA270ECE4500D790FD /* Frameworks */,
				C43B0FBB270ECE4500D790FD /* Resources */,
			);
			buildRules = (
			);
			dependencies = (
			);
			name = CountryPicker;
			productName = CountryPicker;
			productReference = C43B0FBD270ECE4500D790FD /* CountryPicker.app */;
			productType = "com.apple.product-type.application";
		};
/* End PBXNativeTarget section */

/* Begin PBXProject section */
		C43B0FB5270ECE4500D790FD /* Project object */ = {
			isa = PBXProject;
			attributes = {
				LastSwiftUpdateCheck = 1250;
				LastUpgradeCheck = 1250;
				TargetAttributes = {
					C43B0FBC270ECE4500D790FD = {
						CreatedOnToolsVersion = 12.5.1;
					};
				};
			};
			buildConfigurationList = C43B0FB8270ECE4500D790FD /* Build configuration list for PBXProject "CountryPicker" */;
			compatibilityVersion = "Xcode 9.3";
			developmentRegion = en;
			hasScannedForEncodings = 0;
			knownRegions = (
				en,
				Base,
			);
			mainGroup = C43B0FB4270ECE4500D790FD;
			productRefGroup = C43B0FBE270ECE4500D790FD /* Products */;
			projectDirPath = "";
			projectRoot = "";
			targets = (
				C43B0FBC270ECE4500D790FD /* CountryPicker */,
			);
		};
/* End PBXProject section */

/* Begin PBXResourcesBuildPhase section */
		C43B0FBB270ECE4500D790FD /* Resources */ = {
			isa = PBXResourcesBuildPhase;
			buildActionMask = 2147483647;
			files = (
				C42DCEAD270ED2F5000EC919 /* CountryCodes.json in Resources */,
				C42DCEAF270ED31C000EC919 /* Flags.xcassets in Resources */,
				C42DCEA7270ED07A000EC919 /* CountryTableViewCell.xib in Resources */,
				C43B0FCD270ECE4600D790FD /* LaunchScreen.storyboard in Resources */,
				C43B0FCA270ECE4600D790FD /* Assets.xcassets in Resources */,
				C43B0FC8270ECE4500D790FD /* Main.storyboard in Resources */,
			);
			runOnlyForDeploymentPostprocessing = 0;
		};
/* End PBXResourcesBuildPhase section */

/* Begin PBXSourcesBuildPhase section */
		C43B0FB9270ECE4500D790FD /* Sources */ = {
			isa = PBXSourcesBuildPhase;
			buildActionMask = 2147483647;
			files = (
				C43B0FC5270ECE4500D790FD /* ViewController.swift in Sources */,
				C42DCEAB270ED150000EC919 /* Extensions.swift in Sources */,
				C42DCEA2270ECF7E000EC919 /* SelectCountryViewController.swift in Sources */,
				C43B0FC1270ECE4500D790FD /* AppDelegate.swift in Sources */,
				C43B0FC3270ECE4500D790FD /* SceneDelegate.swift in Sources */,
				C42DCEA6270ED07A000EC919 /* CountryTableViewCell.swift in Sources */,
			);
			runOnlyForDeploymentPostprocessing = 0;
		};
/* End PBXSourcesBuildPhase section */

/* Begin PBXVariantGroup section */
		C43B0FC6270ECE4500D790FD /* Main.storyboard */ = {
			isa = PBXVariantGroup;
			children = (
				C43B0FC7270ECE4500D790FD /* Base */,
			);
			name = Main.storyboard;
			sourceTree = "<group>";
		};
		C43B0FCB270ECE4600D790FD /* LaunchScreen.storyboard */ = {
			isa = PBXVariantGroup;
			children = (
				C43B0FCC270ECE4600D790FD /* Base */,
			);
			name = LaunchScreen.storyboard;
			sourceTree = "<group>";
		};
/* End PBXVariantGroup section */

/* Begin XCBuildConfiguration section */
		C43B0FCF270ECE4600D790FD /* Debug */ = {
			isa = XCBuildConfiguration;
			buildSettings = {
				ALWAYS_SEARCH_USER_PATHS = NO;
				CLANG_ANALYZER_NONNULL = YES;
				CLANG_ANALYZER_NUMBER_OBJECT_CONVERSION = YES_AGGRESSIVE;
				CLANG_CXX_LANGUAGE_STANDARD = "gnu++14";
				CLANG_CXX_LIBRARY = "libc++";
				CLANG_ENABLE_MODULES = YES;
				CLANG_ENABLE_OBJC_ARC = YES;
				CLANG_ENABLE_OBJC_WEAK = YES;
				CLANG_WARN_BLOCK_CAPTURE_AUTORELEASING = YES;
				CLANG_WARN_BOOL_CONVERSION = YES;
				CLANG_WARN_COMMA = YES;
				CLANG_WARN_CONSTANT_CONVERSION = YES;
				CLANG_WARN_DEPRECATED_OBJC_IMPLEMENTATIONS = YES;
				CLANG_WARN_DIRECT_OBJC_ISA_USAGE = YES_ERROR;
				CLANG_WARN_DOCUMENTATION_COMMENTS = YES;
				CLANG_WARN_EMPTY_BODY = YES;
				CLANG_WARN_ENUM_CONVERSION = YES;
				CLANG_WARN_INFINITE_RECURSION = YES;
				CLANG_WARN_INT_CONVERSION = YES;
				CLANG_WARN_NON_LITERAL_NULL_CONVERSION = YES;
				CLANG_WARN_OBJC_IMPLICIT_RETAIN_SELF = YES;
				CLANG_WARN_OBJC_LITERAL_CONVERSION = YES;
				CLANG_WARN_OBJC_ROOT_CLASS = YES_ERROR;
				CLANG_WARN_QUOTED_INCLUDE_IN_FRAMEWORK_HEADER = YES;
				CLANG_WARN_RANGE_LOOP_ANALYSIS = YES;
				CLANG_WARN_STRICT_PROTOTYPES = YES;
				CLANG_WARN_SUSPICIOUS_MOVE = YES;
				CLANG_WARN_UNGUARDED_AVAILABILITY = YES_AGGRESSIVE;
				CLANG_WARN_UNREACHABLE_CODE = YES;
				CLANG_WARN__DUPLICATE_METHOD_MATCH = YES;
				COPY_PHASE_STRIP = NO;
				DEBUG_INFORMATION_FORMAT = dwarf;
				ENABLE_STRICT_OBJC_MSGSEND = YES;
				ENABLE_TESTABILITY = YES;
				GCC_C_LANGUAGE_STANDARD = gnu11;
				GCC_DYNAMIC_NO_PIC = NO;
				GCC_NO_COMMON_BLOCKS = YES;
				GCC_OPTIMIZATION_LEVEL = 0;
				GCC_PREPROCESSOR_DEFINITIONS = (
					"DEBUG=1",
					"$(inherited)",
				);
				GCC_WARN_64_TO_32_BIT_CONVERSION = YES;
				GCC_WARN_ABOUT_RETURN_TYPE = YES_ERROR;
				GCC_WARN_UNDECLARED_SELECTOR = YES;
				GCC_WARN_UNINITIALIZED_AUTOS = YES_AGGRESSIVE;
				GCC_WARN_UNUSED_FUNCTION = YES;
				GCC_WARN_UNUSED_VARIABLE = YES;
				IPHONEOS_DEPLOYMENT_TARGET = 14.5;
				MTL_ENABLE_DEBUG_INFO = INCLUDE_SOURCE;
				MTL_FAST_MATH = YES;
				ONLY_ACTIVE_ARCH = YES;
				SDKROOT = iphoneos;
				SWIFT_ACTIVE_COMPILATION_CONDITIONS = DEBUG;
				SWIFT_OPTIMIZATION_LEVEL = "-Onone";
			};
			name = Debug;
		};
		C43B0FD0270ECE4600D790FD /* Release */ = {
			isa = XCBuildConfiguration;
			buildSettings = {
				ALWAYS_SEARCH_USER_PATHS = NO;
				CLANG_ANALYZER_NONNULL = YES;
				CLANG_ANALYZER_NUMBER_OBJECT_CONVERSION = YES_AGGRESSIVE;
				CLANG_CXX_LANGUAGE_STANDARD = "gnu++14";
				CLANG_CXX_LIBRARY = "libc++";
				CLANG_ENABLE_MODULES = YES;
				CLANG_ENABLE_OBJC_ARC = YES;
				CLANG_ENABLE_OBJC_WEAK = YES;
				CLANG_WARN_BLOCK_CAPTURE_AUTORELEASING = YES;
				CLANG_WARN_BOOL_CONVERSION = YES;
				CLANG_WARN_COMMA = YES;
				CLANG_WARN_CONSTANT_CONVERSION = YES;
				CLANG_WARN_DEPRECATED_OBJC_IMPLEMENTATIONS = YES;
				CLANG_WARN_DIRECT_OBJC_ISA_USAGE = YES_ERROR;
				CLANG_WARN_DOCUMENTATION_COMMENTS = YES;
				CLANG_WARN_EMPTY_BODY = YES;
				CLANG_WARN_ENUM_CONVERSION = YES;
				CLANG_WARN_INFINITE_RECURSION = YES;
				CLANG_WARN_INT_CONVERSION = YES;
				CLANG_WARN_NON_LITERAL_NULL_CONVERSION = YES;
				CLANG_WARN_OBJC_IMPLICIT_RETAIN_SELF = YES;
				CLANG_WARN_OBJC_LITERAL_CONVERSION = YES;
				CLANG_WARN_OBJC_ROOT_CLASS = YES_ERROR;
				CLANG_WARN_QUOTED_INCLUDE_IN_FRAMEWORK_HEADER = YES;
				CLANG_WARN_RANGE_LOOP_ANALYSIS = YES;
				CLANG_WARN_STRICT_PROTOTYPES = YES;
				CLANG_WARN_SUSPICIOUS_MOVE = YES;
				CLANG_WARN_UNGUARDED_AVAILABILITY = YES_AGGRESSIVE;
				CLANG_WARN_UNREACHABLE_CODE = YES;
				CLANG_WARN__DUPLICATE_METHOD_MATCH = YES;
				COPY_PHASE_STRIP = NO;
				DEBUG_INFORMATION_FORMAT = "dwarf-with-dsym";
				ENABLE_NS_ASSERTIONS = NO;
				ENABLE_STRICT_OBJC_MSGSEND = YES;
				GCC_C_LANGUAGE_STANDARD = gnu11;
				GCC_NO_COMMON_BLOCKS = YES;
				GCC_WARN_64_TO_32_BIT_CONVERSION = YES;
				GCC_WARN_ABOUT_RETURN_TYPE = YES_ERROR;
				GCC_WARN_UNDECLARED_SELECTOR = YES;
				GCC_WARN_UNINITIALIZED_AUTOS = YES_AGGRESSIVE;
				GCC_WARN_UNUSED_FUNCTION = YES;
				GCC_WARN_UNUSED_VARIABLE = YES;
				IPHONEOS_DEPLOYMENT_TARGET = 14.5;
				MTL_ENABLE_DEBUG_INFO = NO;
				MTL_FAST_MATH = YES;
				SDKROOT = iphoneos;
				SWIFT_COMPILATION_MODE = wholemodule;
				SWIFT_OPTIMIZATION_LEVEL = "-O";
				VALIDATE_PRODUCT = YES;
			};
			name = Release;
		};
		C43B0FD2270ECE4600D790FD /* Debug */ = {
			isa = XCBuildConfiguration;
			buildSettings = {
				ASSETCATALOG_COMPILER_APPICON_NAME = AppIcon;
				ASSETCATALOG_COMPILER_GLOBAL_ACCENT_COLOR_NAME = AccentColor;
				CODE_SIGN_STYLE = Automatic;
				DEVELOPMENT_TEAM = 9KDX5972VM;
				INFOPLIST_FILE = CountryPicker/Info.plist;
				LD_RUNPATH_SEARCH_PATHS = (
					"$(inherited)",
					"@executable_path/Frameworks",
				);
				PRODUCT_BUNDLE_IDENTIFIER = com.unitone.CountryPicker;
				PRODUCT_NAME = "$(TARGET_NAME)";
				SWIFT_VERSION = 5.0;
				TARGETED_DEVICE_FAMILY = "1,2";
			};
			name = Debug;
		};
		C43B0FD3270ECE4600D790FD /* Release */ = {
			isa = XCBuildConfiguration;
			buildSettings = {
				ASSETCATALOG_COMPILER_APPICON_NAME = AppIcon;
				ASSETCATALOG_COMPILER_GLOBAL_ACCENT_COLOR_NAME = AccentColor;
				CODE_SIGN_STYLE = Automatic;
				DEVELOPMENT_TEAM = 9KDX5972VM;
				INFOPLIST_FILE = CountryPicker/Info.plist;
				LD_RUNPATH_SEARCH_PATHS = (
					"$(inherited)",
					"@executable_path/Frameworks",
				);
				PRODUCT_BUNDLE_IDENTIFIER = com.unitone.CountryPicker;
				PRODUCT_NAME = "$(TARGET_NAME)";
				SWIFT_VERSION = 5.0;
				TARGETED_DEVICE_FAMILY = "1,2";
			};
			name = Release;
		};
/* End XCBuildConfiguration section */

/* Begin XCConfigurationList section */
		C43B0FB8270ECE4500D790FD /* Build configuration list for PBXProject "CountryPicker" */ = {
			isa = XCConfigurationList;
			buildConfigurations = (
				C43B0FCF270ECE4600D790FD /* Debug */,
				C43B0FD0270ECE4600D790FD /* Release */,
			);
			defaultConfigurationIsVisible = 0;
			defaultConfigurationName = Release;
		};
		C43B0FD1270ECE4600D790FD /* Build configuration list for PBXNativeTarget "CountryPicker" */ = {
			isa = XCConfigurationList;
			buildConfigurations = (
				C43B0FD2270ECE4600D790FD /* Debug */,
				C43B0FD3270ECE4600D790FD /* Release */,
			);
			defaultConfigurationIsVisible = 0;
			defaultConfigurationName = Release;
		};
/* End XCConfigurationList section */
	};
	rootObject = C43B0FB5270ECE4500D790FD /* Project object */;
}
